
Microsoft Visual Studio Solution File, Format Version 12.00
# Visual Studio Version 16
VisualStudioVersion = 16.0.29519.87
MinimumVisualStudioVersion = 10.0.40219.1
Project("{FAE04EC0-301F-11D3-BF4B-00C04F79EFBC}") = "XFMapsSample.Android", "XFMapsSample\XFMapsSample.Android\XFMapsSample.Android.csproj", "{67613B0E-6EE6-4655-8237-FD118123CE36}"
EndProject
Project("{FAE04EC0-301F-11D3-BF4B-00C04F79EFBC}") = "XFMapsSample.iOS", "XFMapsSample\XFMapsSample.iOS\XFMapsSample.iOS.csproj", "{11920C21-5F84-4BAC-B711-09B60511AE5A}"
EndProject
Project("{FAE04EC0-301F-11D3-BF4B-00C04F79EFBC}") = "XFMapsSample", "XFMapsSample\XFMapsSample\XFMapsSample.csproj", "{240B5F96-B27C-4A8F-9CB2-766497C624D9}"
EndProject
Global
	GlobalSection(SolutionConfigurationPlatforms) = preSolution
		Debug|Any CPU = Debug|Any CPU
		Debug|iPhone = Debug|iPhone
		Debug|iPhoneSimulator = Debug|iPhoneSimulator
		Release|Any CPU = Release|Any CPU
		Release|iPhone = Release|iPhone
		Release|iPhoneSimulator = Release|iPhoneSimulator
	EndGlobalSection
	GlobalSection(ProjectConfigurationPlatforms) = postSolution
		{67613B0E-6EE6-4655-8237-FD118123CE36}.Debug|Any CPU.ActiveCfg = Debug|Any CPU
		{67613B0E-6EE6-4655-8237-FD118123CE36}.Debug|Any CPU.Build.0 = Debug|Any CPU
		{67613B0E-6EE6-4655-8237-FD118123CE36}.Debug|Any CPU.Deploy.0 = Debug|Any CPU
		{67613B0E-6EE6-4655-8237-FD118123CE36}.Debug|iPhone.ActiveCfg = Debug|Any CPU
		{67613B0E-6EE6-4655-8237-FD118123CE36}.Debug|iPhone.Build.0 = Debug|Any CPU
		{67613B0E-6EE6-4655-8237-FD118123CE36}.Debug|iPhone.Deploy.0 = Debug|Any CPU
		{67613B0E-6EE6-4655-8237-FD118123CE36}.Debug|iPhoneSimulator.ActiveCfg = Debug|Any CPU
		{67613B0E-6EE6-4655-8237-FD118123CE36}.Debug|iPhoneSimulator.Build.0 = Debug|Any CPU
		{67613B0E-6EE6-4655-8237-FD118123CE36}.Debug|iPhoneSimulator.Deploy.0 = Debug|Any CPU
		{67613B0E-6EE6-4655-8237-FD118123CE36}.Release|Any CPU.ActiveCfg = Release|Any CPU
		{67613B0E-6EE6-4655-8237-FD118123CE36}.Release|Any CPU.Build.0 = Release|Any CPU
		{67613B0E-6EE6-4655-8237-FD118123CE36}.Release|Any CPU.Deploy.0 = Release|Any CPU
		{67613B0E-6EE6-4655-8237-FD118123CE36}.Release|iPhone.ActiveCfg = Release|Any CPU
		{67613B0E-6EE6-4655-8237-FD118123CE36}.Release|iPhone.Build.0 = Release|Any CPU
		{67613B0E-6EE6-4655-8237-FD118123CE36}.Release|iPhone.Deploy.0 = Release|Any CPU
		{67613B0E-6EE6-4655-8237-FD118123CE36}.Release|iPhoneSimulator.ActiveCfg = Release|Any CPU
		{67613B0E-6EE6-4655-8237-FD118123CE36}.Release|iPhoneSimulator.Build.0 = Release|Any CPU
		{67613B0E-6EE6-4655-8237-FD118123CE36}.Release|iPhoneSimulator.Deploy.0 = Release|Any CPU
		{11920C21-5F84-4BAC-B711-09B60511AE5A}.Debug|Any CPU.ActiveCfg = Debug|iPhoneSimulator
		{11920C21-5F84-4BAC-B711-09B60511AE5A}.Debug|Any CPU.Build.0 = Debug|iPhoneSimulator
		{11920C21-5F84-4BAC-B711-09B60511AE5A}.Debug|Any CPU.Deploy.0 = Debug|iPhoneSimulator
		{11920C21-5F84-4BAC-B711-09B60511AE5A}.Debug|iPhone.ActiveCfg = Debug|iPhone
		{11920C21-5F84-4BAC-B711-09B60511AE5A}.Debug|iPhone.Build.0 = Debug|iPhone
		{11920C21-5F84-4BAC-B711-09B60511AE5A}.Debug|iPhone.Deploy.0 = Debug|iPhone
		{11920C21-5F84-4BAC-B711-09B60511AE5A}.Debug|iPhoneSimulator.ActiveCfg = Debug|iPhoneSimulator
		{11920C21-5F84-4BAC-B711-09B60511AE5A}.Debug|iPhoneSimulator.Build.0 = Debug|iPhoneSimulator
		{11920C21-5F84-4BAC-B711-09B60511AE5A}.Debug|iPhoneSimulator.Deploy.0 = Debug|iPhoneSimulator
		{11920C21-5F84-4BAC-B711-09B60511AE5A}.Release|Any CPU.ActiveCfg = Release|iPhone
		{11920C21-5F84-4BAC-B711-09B60511AE5A}.Release|Any CPU.Build.0 = Release|iPhone
		{11920C21-5F84-4BAC-B711-09B60511AE5A}.Release|Any CPU.Deploy.0 = Release|iPhone
		{11920C21-5F84-4BAC-B711-09B60511AE5A}.Release|iPhone.ActiveCfg = Release|iPhone
		{11920C21-5F84-4BAC-B711-09B60511AE5A}.Release|iPhone.Build.0 = Release|iPhone
		{11920C21-5F84-4BAC-B711-09B60511AE5A}.Release|iPhone.Deploy.0 = Release|iPhone
		{11920C21-5F84-4BAC-B711-09B60511AE5A}.Release|iPhoneSimulator.ActiveCfg = Release|iPhoneSimulator
		{11920C21-5F84-4BAC-B711-09B60511AE5A}.Release|iPhoneSimulator.Build.0 = Release|iPhoneSimulator
		{11920C21-5F84-4BAC-B711-09B60511AE5A}.Release|iPhoneSimulator.Deploy.0 = Release|iPhoneSimulator
		{240B5F96-B27C-4A8F-9CB2-766497C624D9}.Debug|Any CPU.ActiveCfg = Debug|Any CPU
		{240B5F96-B27C-4A8F-9CB2-766497C624D9}.Debug|Any CPU.Build.0 = Debug|Any CPU
		{240B5F96-B27C-4A8F-9CB2-766497C624D9}.Debug|Any CPU.Deploy.0 = Debug|Any CPU
		{240B5F96-B27C-4A8F-9CB2-766497C624D9}.Debug|iPhone.ActiveCfg = Debug|Any CPU
		{240B5F96-B27C-4A8F-9CB2-766497C624D9}.Debug|iPhone.Build.0 = Debug|Any CPU
		{240B5F96-B27C-4A8F-9CB2-766497C624D9}.Debug|iPhone.Deploy.0 = Debug|Any CPU
		{240B5F96-B27C-4A8F-9CB2-766497C624D9}.Debug|iPhoneSimulator.ActiveCfg = Debug|Any CPU
		{240B5F96-B27C-4A8F-9CB2-766497C624D9}.Debug|iPhoneSimulator.Build.0 = Debug|Any CPU
		{240B5F96-B27C-4A8F-9CB2-766497C624D9}.Debug|iPhoneSimulator.Deploy.0 = Debug|Any CPU
		{240B5F96-B27C-4A8F-9CB2-766497C624D9}.Release|Any CPU.ActiveCfg = Release|Any CPU
		{240B5F96-B27C-4A8F-9CB2-766497C624D9}.Release|Any CPU.Build.0 = Release|Any CPU
		{240B5F96-B27C-4A8F-9CB2-766497C624D9}.Release|Any CPU.Deploy.0 = Release|Any CPU
		{240B5F96-B27C-4A8F-9CB2-766497C624D9}.Release|iPhone.ActiveCfg = Release|Any CPU
		{240B5F96-B27C-4A8F-9CB2-766497C624D9}.Release|iPhone.Build.0 = Release|Any CPU
		{240B5F96-B27C-4A8F-9CB2-766497C624D9}.Release|iPhone.Deploy.0 = Release|Any CPU
		{240B5F96-B27C-4A8F-9CB2-766497C624D9}.Release|iPhoneSimulator.ActiveCfg = Release|Any CPU
		{240B5F96-B27C-4A8F-9CB2-766497C624D9}.Release|iPhoneSimulator.Build.0 = Release|Any CPU
		{240B5F96-B27C-4A8F-9CB2-766497C624D9}.Release|iPhoneSimulator.Deploy.0 = Release|Any CPU
	EndGlobalSection
	GlobalSection(SolutionProperties) = preSolution
		HideSolutionNode = FALSE
	EndGlobalSection
	GlobalSection(ExtensibilityGlobals) = postSolution
		SolutionGuid = {7BF2970B-0064-4784-8837-82C18F4BEF60}
	EndGlobalSection
EndGlobal
